// !$*UTF8*$!
{
	archiveVersion = 1;
	classes = {
	};
	objectVersion = 50;
	objects = {

/* Begin PBXBuildFile section */
		4FBB206F26FCA5E5003CF9A3 /* AppDelegate.swift in Sources */ = {isa = PBXBuildFile; fileRef = 4FBB206E26FCA5E5003CF9A3 /* AppDelegate.swift */; };
		4FBB207126FCA5E5003CF9A3 /* SceneDelegate.swift in Sources */ = {isa = PBXBuildFile; fileRef = 4FBB207026FCA5E5003CF9A3 /* SceneDelegate.swift */; };
		4FBB207326FCA5E5003CF9A3 /* QuizView.swift in Sources */ = {isa = PBXBuildFile; fileRef = 4FBB207226FCA5E5003CF9A3 /* QuizView.swift */; };
		4FBB207526FCA5E6003CF9A3 /* Assets.xcassets in Resources */ = {isa = PBXBuildFile; fileRef = 4FBB207426FCA5E6003CF9A3 /* Assets.xcassets */; };
		4FBB207826FCA5E6003CF9A3 /* Preview Assets.xcassets in Resources */ = {isa = PBXBuildFile; fileRef = 4FBB207726FCA5E6003CF9A3 /* Preview Assets.xcassets */; };
		4FBB207B26FCA5E6003CF9A3 /* LaunchScreen.storyboard in Resources */ = {isa = PBXBuildFile; fileRef = 4FBB207926FCA5E6003CF9A3 /* LaunchScreen.storyboard */; };
		4FBB208326FCAC75003CF9A3 /* SettingsView.swift in Sources */ = {isa = PBXBuildFile; fileRef = 4FBB208226FCAC75003CF9A3 /* SettingsView.swift */; };
		4FBB208526FCBB1B003CF9A3 /* Question.swift in Sources */ = {isa = PBXBuildFile; fileRef = 4FBB208426FCBB1B003CF9A3 /* Question.swift */; };
		4FBB208726FCC006003CF9A3 /* Questions.swift in Sources */ = {isa = PBXBuildFile; fileRef = 4FBB208626FCC006003CF9A3 /* Questions.swift */; };
		4FBB20FF26FE1A98003CF9A3 /* Settings.swift in Sources */ = {isa = PBXBuildFile; fileRef = 4FBB20FE26FE1A98003CF9A3 /* Settings.swift */; };
		4FBB210526FE2B96003CF9A3 /* DefaultView.swift in Sources */ = {isa = PBXBuildFile; fileRef = 4FBB210426FE2B96003CF9A3 /* DefaultView.swift */; };
		4FBB210926FF463E003CF9A3 /* Design.swift in Sources */ = {isa = PBXBuildFile; fileRef = 4FBB210826FF463E003CF9A3 /* Design.swift */; };
/* End PBXBuildFile section */

/* Begin PBXFileReference section */
		4FBB206B26FCA5E5003CF9A3 /* Challenge3.app */ = {isa = PBXFileReference; explicitFileType = wrapper.application; includeInIndex = 0; path = Challenge3.app; sourceTree = BUILT_PRODUCTS_DIR; };
		4FBB206E26FCA5E5003CF9A3 /* AppDelegate.swift */ = {isa = PBXFileReference; lastKnownFileType = sourcecode.swift; path = AppDelegate.swift; sourceTree = "<group>"; };
		4FBB207026FCA5E5003CF9A3 /* SceneDelegate.swift */ = {isa = PBXFileReference; lastKnownFileType = sourcecode.swift; path = SceneDelegate.swift; sourceTree = "<group>"; };
		4FBB207226FCA5E5003CF9A3 /* QuizView.swift */ = {isa = PBXFileReference; lastKnownFileType = sourcecode.swift; path = QuizView.swift; sourceTree = "<group>"; };
		4FBB207426FCA5E6003CF9A3 /* Assets.xcassets */ = {isa = PBXFileReference; lastKnownFileType = folder.assetcatalog; path = Assets.xcassets; sourceTree = "<group>"; };
		4FBB207726FCA5E6003CF9A3 /* Preview Assets.xcassets */ = {isa = PBXFileReference; lastKnownFileType = folder.assetcatalog; path = "Preview Assets.xcassets"; sourceTree = "<group>"; };
		4FBB207A26FCA5E6003CF9A3 /* Base */ = {isa = PBXFileReference; lastKnownFileType = file.storyboard; name = Base; path = Base.lproj/LaunchScreen.storyboard; sourceTree = "<group>"; };
		4FBB207C26FCA5E6003CF9A3 /* Info.plist */ = {isa = PBXFileReference; lastKnownFileType = text.plist.xml; path = Info.plist; sourceTree = "<group>"; };
		4FBB208226FCAC75003CF9A3 /* SettingsView.swift */ = {isa = PBXFileReference; lastKnownFileType = sourcecode.swift; path = SettingsView.swift; sourceTree = "<group>"; };
		4FBB208426FCBB1B003CF9A3 /* Question.swift */ = {isa = PBXFileReference; lastKnownFileType = sourcecode.swift; path = Question.swift; sourceTree = "<group>"; };
		4FBB208626FCC006003CF9A3 /* Questions.swift */ = {isa = PBXFileReference; lastKnownFileType = sourcecode.swift; path = Questions.swift; sourceTree = "<group>"; };
		4FBB20FE26FE1A98003CF9A3 /* Settings.swift */ = {isa = PBXFileReference; lastKnownFileType = sourcecode.swift; path = Settings.swift; sourceTree = "<group>"; };
		4FBB210426FE2B96003CF9A3 /* DefaultView.swift */ = {isa = PBXFileReference; lastKnownFileType = sourcecode.swift; path = DefaultView.swift; sourceTree = "<group>"; };
		4FBB210826FF463E003CF9A3 /* Design.swift */ = {isa = PBXFileReference; lastKnownFileType = sourcecode.swift; path = Design.swift; sourceTree = "<group>"; };
/* End PBXFileReference section */

/* Begin PBXFrameworksBuildPhase section */
		4FBB206826FCA5E5003CF9A3 /* Frameworks */ = {
			isa = PBXFrameworksBuildPhase;
			buildActionMask = 2147483647;
			files = (
			);
			runOnlyForDeploymentPostprocessing = 0;
		};
/* End PBXFrameworksBuildPhase section */

/* Begin PBXGroup section */
		4FBB206226FCA5E5003CF9A3 = {
			isa = PBXGroup;
			children = (
				4FBB206D26FCA5E5003CF9A3 /* Challenge3 */,
				4FBB206C26FCA5E5003CF9A3 /* Products */,
			);
			sourceTree = "<group>";
		};
		4FBB206C26FCA5E5003CF9A3 /* Products */ = {
			isa = PBXGroup;
			children = (
				4FBB206B26FCA5E5003CF9A3 /* Challenge3.app */,
			);
			name = Products;
			sourceTree = "<group>";
		};
		4FBB206D26FCA5E5003CF9A3 /* Challenge3 */ = {
			isa = PBXGroup;
			children = (
				4FBB206E26FCA5E5003CF9A3 /* AppDelegate.swift */,
				4FBB207026FCA5E5003CF9A3 /* SceneDelegate.swift */,
				4FBB210426FE2B96003CF9A3 /* DefaultView.swift */,
				4FBB207226FCA5E5003CF9A3 /* QuizView.swift */,
				4FBB208226FCAC75003CF9A3 /* SettingsView.swift */,
				4FBB20FE26FE1A98003CF9A3 /* Settings.swift */,
				4FBB208426FCBB1B003CF9A3 /* Question.swift */,
				4FBB208626FCC006003CF9A3 /* Questions.swift */,
				4FBB210826FF463E003CF9A3 /* Design.swift */,
				4FBB207426FCA5E6003CF9A3 /* Assets.xcassets */,
				4FBB207926FCA5E6003CF9A3 /* LaunchScreen.storyboard */,
				4FBB207C26FCA5E6003CF9A3 /* Info.plist */,
				4FBB207626FCA5E6003CF9A3 /* Preview Content */,
			);
			path = Challenge3;
			sourceTree = "<group>";
		};
		4FBB207626FCA5E6003CF9A3 /* Preview Content */ = {
			isa = PBXGroup;
			children = (
				4FBB207726FCA5E6003CF9A3 /* Preview Assets.xcassets */,
			);
			path = "Preview Content";
			sourceTree = "<group>";
		};
/* End PBXGroup section */

/* Begin PBXNativeTarget section */
		4FBB206A26FCA5E5003CF9A3 /* Challenge3 */ = {
			isa = PBXNativeTarget;
			buildConfigurationList = 4FBB207F26FCA5E6003CF9A3 /* Build configuration list for PBXNativeTarget "Challenge3" */;
			buildPhases = (
				4FBB206726FCA5E5003CF9A3 /* Sources */,
				4FBB206826FCA5E5003CF9A3 /* Frameworks */,
				4FBB206926FCA5E5003CF9A3 /* Resources */,
			);
			buildRules = (
			);
			dependencies = (
			);
			name = Challenge3;
			productName = Challenge3;
			productReference = 4FBB206B26FCA5E5003CF9A3 /* Challenge3.app */;
			productType = "com.apple.product-type.application";
		};
/* End PBXNativeTarget section */

/* Begin PBXProject section */
		4FBB206326FCA5E5003CF9A3 /* Project object */ = {
			isa = PBXProject;
			attributes = {
				LastSwiftUpdateCheck = 1250;
				LastUpgradeCheck = 1250;
				TargetAttributes = {
					4FBB206A26FCA5E5003CF9A3 = {
						CreatedOnToolsVersion = 12.5.1;
					};
				};
			};
			buildConfigurationList = 4FBB206626FCA5E5003CF9A3 /* Build configuration list for PBXProject "Challenge3" */;
			compatibilityVersion = "Xcode 9.3";
			developmentRegion = en;
			hasScannedForEncodings = 0;
			knownRegions = (
				en,
				Base,
			);
			mainGroup = 4FBB206226FCA5E5003CF9A3;
			productRefGroup = 4FBB206C26FCA5E5003CF9A3 /* Products */;
			projectDirPath = "";
			projectRoot = "";
			targets = (
				4FBB206A26FCA5E5003CF9A3 /* Challenge3 */,
			);
		};
/* End PBXProject section */

/* Begin PBXResourcesBuildPhase section */
		4FBB206926FCA5E5003CF9A3 /* Resources */ = {
			isa = PBXResourcesBuildPhase;
			buildActionMask = 2147483647;
			files = (
				4FBB207B26FCA5E6003CF9A3 /* LaunchScreen.storyboard in Resources */,
				4FBB207826FCA5E6003CF9A3 /* Preview Assets.xcassets in Resources */,
				4FBB207526FCA5E6003CF9A3 /* Assets.xcassets in Resources */,
			);
			runOnlyForDeploymentPostprocessing = 0;
		};
/* End PBXResourcesBuildPhase section */

/* Begin PBXSourcesBuildPhase section */
		4FBB206726FCA5E5003CF9A3 /* Sources */ = {
			isa = PBXSourcesBuildPhase;
			buildActionMask = 2147483647;
			files = (
				4FBB210926FF463E003CF9A3 /* Design.swift in Sources */,
				4FBB208526FCBB1B003CF9A3 /* Question.swift in Sources */,
				4FBB206F26FCA5E5003CF9A3 /* AppDelegate.swift in Sources */,
				4FBB208326FCAC75003CF9A3 /* SettingsView.swift in Sources */,
				4FBB208726FCC006003CF9A3 /* Questions.swift in Sources */,
				4FBB210526FE2B96003CF9A3 /* DefaultView.swift in Sources */,
				4FBB20FF26FE1A98003CF9A3 /* Settings.swift in Sources */,
				4FBB207126FCA5E5003CF9A3 /* SceneDelegate.swift in Sources */,
				4FBB207326FCA5E5003CF9A3 /* QuizView.swift in Sources */,
			);
			runOnlyForDeploymentPostprocessing = 0;
		};
/* End PBXSourcesBuildPhase section */

/* Begin PBXVariantGroup section */
		4FBB207926FCA5E6003CF9A3 /* LaunchScreen.storyboard */ = {
			isa = PBXVariantGroup;
			children = (
				4FBB207A26FCA5E6003CF9A3 /* Base */,
			);
			name = LaunchScreen.storyboard;
			sourceTree = "<group>";
		};
/* End PBXVariantGroup section */

/* Begin XCBuildConfiguration section */
		4FBB207D26FCA5E6003CF9A3 /* Debug */ = {
			isa = XCBuildConfiguration;
			buildSettings = {
				ALWAYS_SEARCH_USER_PATHS = NO;
				CLANG_ANALYZER_NONNULL = YES;
				CLANG_ANALYZER_NUMBER_OBJECT_CONVERSION = YES_AGGRESSIVE;
				CLANG_CXX_LANGUAGE_STANDARD = "gnu++14";
				CLANG_CXX_LIBRARY = "libc++";
				CLANG_ENABLE_MODULES = YES;
				CLANG_ENABLE_OBJC_ARC = YES;
				CLANG_ENABLE_OBJC_WEAK = YES;
				CLANG_WARN_BLOCK_CAPTURE_AUTORELEASING = YES;
				CLANG_WARN_BOOL_CONVERSION = YES;
				CLANG_WARN_COMMA = YES;
				CLANG_WARN_CONSTANT_CONVERSION = YES;
				CLANG_WARN_DEPRECATED_OBJC_IMPLEMENTATIONS = YES;
				CLANG_WARN_DIRECT_OBJC_ISA_USAGE = YES_ERROR;
				CLANG_WARN_DOCUMENTATION_COMMENTS = YES;
				CLANG_WARN_EMPTY_BODY = YES;
				CLANG_WARN_ENUM_CONVERSION = YES;
				CLANG_WARN_INFINITE_RECURSION = YES;
				CLANG_WARN_INT_CONVERSION = YES;
				CLANG_WARN_NON_LITERAL_NULL_CONVERSION = YES;
				CLANG_WARN_OBJC_IMPLICIT_RETAIN_SELF = YES;
				CLANG_WARN_OBJC_LITERAL_CONVERSION = YES;
				CLANG_WARN_OBJC_ROOT_CLASS = YES_ERROR;
				CLANG_WARN_QUOTED_INCLUDE_IN_FRAMEWORK_HEADER = YES;
				CLANG_WARN_RANGE_LOOP_ANALYSIS = YES;
				CLANG_WARN_STRICT_PROTOTYPES = YES;
				CLANG_WARN_SUSPICIOUS_MOVE = YES;
				CLANG_WARN_UNGUARDED_AVAILABILITY = YES_AGGRESSIVE;
				CLANG_WARN_UNREACHABLE_CODE = YES;
				CLANG_WARN__DUPLICATE_METHOD_MATCH = YES;
				COPY_PHASE_STRIP = NO;
				DEBUG_INFORMATION_FORMAT = dwarf;
				ENABLE_STRICT_OBJC_MSGSEND = YES;
				ENABLE_TESTABILITY = YES;
				GCC_C_LANGUAGE_STANDARD = gnu11;
				GCC_DYNAMIC_NO_PIC = NO;
				GCC_NO_COMMON_BLOCKS = YES;
				GCC_OPTIMIZATION_LEVEL = 0;
				GCC_PREPROCESSOR_DEFINITIONS = (
					"DEBUG=1",
					"$(inherited)",
				);
				GCC_WARN_64_TO_32_BIT_CONVERSION = YES;
				GCC_WARN_ABOUT_RETURN_TYPE = YES_ERROR;
				GCC_WARN_UNDECLARED_SELECTOR = YES;
				GCC_WARN_UNINITIALIZED_AUTOS = YES_AGGRESSIVE;
				GCC_WARN_UNUSED_FUNCTION = YES;
				GCC_WARN_UNUSED_VARIABLE = YES;
				IPHONEOS_DEPLOYMENT_TARGET = 14.5;
				MTL_ENABLE_DEBUG_INFO = INCLUDE_SOURCE;
				MTL_FAST_MATH = YES;
				ONLY_ACTIVE_ARCH = YES;
				SDKROOT = iphoneos;
				SWIFT_ACTIVE_COMPILATION_CONDITIONS = DEBUG;
				SWIFT_OPTIMIZATION_LEVEL = "-Onone";
			};
			name = Debug;
		};
		4FBB207E26FCA5E6003CF9A3 /* Release */ = {
			isa = XCBuildConfiguration;
			buildSettings = {
				ALWAYS_SEARCH_USER_PATHS = NO;
				CLANG_ANALYZER_NONNULL = YES;
				CLANG_ANALYZER_NUMBER_OBJECT_CONVERSION = YES_AGGRESSIVE;
				CLANG_CXX_LANGUAGE_STANDARD = "gnu++14";
				CLANG_CXX_LIBRARY = "libc++";
				CLANG_ENABLE_MODULES = YES;
				CLANG_ENABLE_OBJC_ARC = YES;
				CLANG_ENABLE_OBJC_WEAK = YES;
				CLANG_WARN_BLOCK_CAPTURE_AUTORELEASING = YES;
				CLANG_WARN_BOOL_CONVERSION = YES;
				CLANG_WARN_COMMA = YES;
				CLANG_WARN_CONSTANT_CONVERSION = YES;
				CLANG_WARN_DEPRECATED_OBJC_IMPLEMENTATIONS = YES;
				CLANG_WARN_DIRECT_OBJC_ISA_USAGE = YES_ERROR;
				CLANG_WARN_DOCUMENTATION_COMMENTS = YES;
				CLANG_WARN_EMPTY_BODY = YES;
				CLANG_WARN_ENUM_CONVERSION = YES;
				CLANG_WARN_INFINITE_RECURSION = YES;
				CLANG_WARN_INT_CONVERSION = YES;
				CLANG_WARN_NON_LITERAL_NULL_CONVERSION = YES;
				CLANG_WARN_OBJC_IMPLICIT_RETAIN_SELF = YES;
				CLANG_WARN_OBJC_LITERAL_CONVERSION = YES;
				CLANG_WARN_OBJC_ROOT_CLASS = YES_ERROR;
				CLANG_WARN_QUOTED_INCLUDE_IN_FRAMEWORK_HEADER = YES;
				CLANG_WARN_RANGE_LOOP_ANALYSIS = YES;
				CLANG_WARN_STRICT_PROTOTYPES = YES;
				CLANG_WARN_SUSPICIOUS_MOVE = YES;
				CLANG_WARN_UNGUARDED_AVAILABILITY = YES_AGGRESSIVE;
				CLANG_WARN_UNREACHABLE_CODE = YES;
				CLANG_WARN__DUPLICATE_METHOD_MATCH = YES;
				COPY_PHASE_STRIP = NO;
				DEBUG_INFORMATION_FORMAT = "dwarf-with-dsym";
				ENABLE_NS_ASSERTIONS = NO;
				ENABLE_STRICT_OBJC_MSGSEND = YES;
				GCC_C_LANGUAGE_STANDARD = gnu11;
				GCC_NO_COMMON_BLOCKS = YES;
				GCC_WARN_64_TO_32_BIT_CONVERSION = YES;
				GCC_WARN_ABOUT_RETURN_TYPE = YES_ERROR;
				GCC_WARN_UNDECLARED_SELECTOR = YES;
				GCC_WARN_UNINITIALIZED_AUTOS = YES_AGGRESSIVE;
				GCC_WARN_UNUSED_FUNCTION = YES;
				GCC_WARN_UNUSED_VARIABLE = YES;
				IPHONEOS_DEPLOYMENT_TARGET = 14.5;
				MTL_ENABLE_DEBUG_INFO = NO;
				MTL_FAST_MATH = YES;
				SDKROOT = iphoneos;
				SWIFT_COMPILATION_MODE = wholemodule;
				SWIFT_OPTIMIZATION_LEVEL = "-O";
				VALIDATE_PRODUCT = YES;
			};
			name = Release;
		};
		4FBB208026FCA5E6003CF9A3 /* Debug */ = {
			isa = XCBuildConfiguration;
			buildSettings = {
				ASSETCATALOG_COMPILER_APPICON_NAME = AppIcon;
				ASSETCATALOG_COMPILER_GLOBAL_ACCENT_COLOR_NAME = AccentColor;
				CODE_SIGN_STYLE = Automatic;
				DEVELOPMENT_ASSET_PATHS = "\"Challenge3/Preview Content\"";
				DEVELOPMENT_TEAM = J885AV5RSG;
				ENABLE_PREVIEWS = YES;
				INFOPLIST_FILE = Challenge3/Info.plist;
				LD_RUNPATH_SEARCH_PATHS = (
					"$(inherited)",
					"@executable_path/Frameworks",
				);
				PRODUCT_BUNDLE_IDENTIFIER = com.example.Challenge3;
				PRODUCT_NAME = "$(TARGET_NAME)";
				SWIFT_VERSION = 5.0;
				TARGETED_DEVICE_FAMILY = "1,2";
			};
			name = Debug;
		};
		4FBB208126FCA5E6003CF9A3 /* Release */ = {
			isa = XCBuildConfiguration;
			buildSettings = {
				ASSETCATALOG_COMPILER_APPICON_NAME = AppIcon;
				ASSETCATALOG_COMPILER_GLOBAL_ACCENT_COLOR_NAME = AccentColor;
				CODE_SIGN_STYLE = Automatic;
				DEVELOPMENT_ASSET_PATHS = "\"Challenge3/Preview Content\"";
				DEVELOPMENT_TEAM = J885AV5RSG;
				ENABLE_PREVIEWS = YES;
				INFOPLIST_FILE = Challenge3/Info.plist;
				LD_RUNPATH_SEARCH_PATHS = (
					"$(inherited)",
					"@executable_path/Frameworks",
				);
				PRODUCT_BUNDLE_IDENTIFIER = com.example.Challenge3;
				PRODUCT_NAME = "$(TARGET_NAME)";
				SWIFT_VERSION = 5.0;
				TARGETED_DEVICE_FAMILY = "1,2";
			};
			name = Release;
		};
/* End XCBuildConfiguration section */

/* Begin XCConfigurationList section */
		4FBB206626FCA5E5003CF9A3 /* Build configuration list for PBXProject "Challenge3" */ = {
			isa = XCConfigurationList;
			buildConfigurations = (
				4FBB207D26FCA5E6003CF9A3 /* Debug */,
				4FBB207E26FCA5E6003CF9A3 /* Release */,
			);
			defaultConfigurationIsVisible = 0;
			defaultConfigurationName = Release;
		};
		4FBB207F26FCA5E6003CF9A3 /* Build configuration list for PBXNativeTarget "Challenge3" */ = {
			isa = XCConfigurationList;
			buildConfigurations = (
				4FBB208026FCA5E6003CF9A3 /* Debug */,
				4FBB208126FCA5E6003CF9A3 /* Release */,
			);
			defaultConfigurationIsVisible = 0;
			defaultConfigurationName = Release;
		};
/* End XCConfigurationList section */
	};
	rootObject = 4FBB206326FCA5E5003CF9A3 /* Project object */;
}
